// !$*UTF8*$!
{
	archiveVersion = 1;
	classes = {
	};
	objectVersion = 48;
	objects = {

/* Begin PBXBuildFile section */
		2C0DB2BB1E7B641100FD3AD5 /* MartaApi.framework in Frameworks */ = {isa = PBXBuildFile; fileRef = 2C0DB2B91E7B641100FD3AD5 /* MartaApi.framework */; };
		2C0DB2BC1E7B641100FD3AD5 /* SwiftyJSON.framework in Frameworks */ = {isa = PBXBuildFile; fileRef = 2C0DB2BA1E7B641100FD3AD5 /* SwiftyJSON.framework */; };
		2C0DB2BE1E7B642400FD3AD5 /* plugin.swift in Sources */ = {isa = PBXBuildFile; fileRef = 2C0DB2BD1E7B642400FD3AD5 /* plugin.swift */; };
/* End PBXBuildFile section */

/* Begin PBXFileReference section */
		2C0DB2AE1E7B63E200FD3AD5 /* Opener.plugin */ = {isa = PBXFileReference; explicitFileType = wrapper.cfbundle; includeInIndex = 0; path = Opener.plugin; sourceTree = BUILT_PRODUCTS_DIR; };
		2C0DB2B11E7B63E200FD3AD5 /* Info.plist */ = {isa = PBXFileReference; lastKnownFileType = text.plist.xml; path = Info.plist; sourceTree = "<group>"; };
		2C0DB2B71E7B640A00FD3AD5 /* Frameworks */ = {isa = PBXFileReference; lastKnownFileType = folder; path = Frameworks; sourceTree = "<group>"; };
		2C0DB2B91E7B641100FD3AD5 /* MartaApi.framework */ = {isa = PBXFileReference; lastKnownFileType = wrapper.framework; name = MartaApi.framework; path = Frameworks/MartaApi.framework; sourceTree = "<group>"; };
		2C0DB2BA1E7B641100FD3AD5 /* SwiftyJSON.framework */ = {isa = PBXFileReference; lastKnownFileType = wrapper.framework; name = SwiftyJSON.framework; path = Frameworks/SwiftyJSON.framework; sourceTree = "<group>"; };
		2C0DB2BD1E7B642400FD3AD5 /* plugin.swift */ = {isa = PBXFileReference; fileEncoding = 4; lastKnownFileType = sourcecode.swift; path = plugin.swift; sourceTree = "<group>"; };
/* End PBXFileReference section */

/* Begin PBXFrameworksBuildPhase section */
		2C0DB2AB1E7B63E200FD3AD5 /* Frameworks */ = {
			isa = PBXFrameworksBuildPhase;
			buildActionMask = 2147483647;
			files = (
				2C0DB2BB1E7B641100FD3AD5 /* MartaApi.framework in Frameworks */,
				2C0DB2BC1E7B641100FD3AD5 /* SwiftyJSON.framework in Frameworks */,
			);
			runOnlyForDeploymentPostprocessing = 0;
		};
/* End PBXFrameworksBuildPhase section */

/* Begin PBXGroup section */
		2C0DB2A51E7B63E200FD3AD5 = {
			isa = PBXGroup;
			children = (
				2C0DB2B91E7B641100FD3AD5 /* MartaApi.framework */,
				2C0DB2BA1E7B641100FD3AD5 /* SwiftyJSON.framework */,
				2C0DB2B01E7B63E200FD3AD5 /* Opener */,
				2C0DB2AF1E7B63E200FD3AD5 /* Products */,
				2C0DB2B71E7B640A00FD3AD5 /* Frameworks */,
			);
			indentWidth = 2;
			sourceTree = "<group>";
			tabWidth = 2;
		};
		2C0DB2AF1E7B63E200FD3AD5 /* Products */ = {
			isa = PBXGroup;
			children = (
				2C0DB2AE1E7B63E200FD3AD5 /* Opener.plugin */,
			);
			name = Products;
			sourceTree = "<group>";
		};
		2C0DB2B01E7B63E200FD3AD5 /* Opener */ = {
			isa = PBXGroup;
			children = (
				2C0DB2B11E7B63E200FD3AD5 /* Info.plist */,
				2C0DB2BD1E7B642400FD3AD5 /* plugin.swift */,
			);
			name = Opener;
			path = OpenerPlugin;
			sourceTree = "<group>";
		};
/* End PBXGroup section */

/* Begin PBXNativeTarget section */
		2C0DB2AD1E7B63E200FD3AD5 /* Opener */ = {
			isa = PBXNativeTarget;
			buildConfigurationList = 2C0DB2B41E7B63E200FD3AD5 /* Build configuration list for PBXNativeTarget "Opener" */;
			buildPhases = (
				2C0DB2AA1E7B63E200FD3AD5 /* Sources */,
				2C0DB2AB1E7B63E200FD3AD5 /* Frameworks */,
				2C0DB2AC1E7B63E200FD3AD5 /* Resources */,
			);
			buildRules = (
			);
			dependencies = (
			);
			name = Opener;
			productName = Opener;
			productReference = 2C0DB2AE1E7B63E200FD3AD5 /* Opener.plugin */;
			productType = "com.apple.product-type.bundle";
		};
/* End PBXNativeTarget section */

/* Begin PBXProject section */
		2C0DB2A61E7B63E200FD3AD5 /* Project object */ = {
			isa = PBXProject;
			attributes = {
				LastUpgradeCheck = 0830;
				ORGANIZATIONNAME = "Geoffrey Washburn";
				TargetAttributes = {
					2C0DB2AD1E7B63E200FD3AD5 = {
						CreatedOnToolsVersion = 8.2.1;
						DevelopmentTeam = 3J55Z6Y7DQ;
						LastSwiftMigration = 0820;
						ProvisioningStyle = Automatic;
					};
				};
			};
			buildConfigurationList = 2C0DB2A91E7B63E200FD3AD5 /* Build configuration list for PBXProject "OpenerPlugin" */;
			compatibilityVersion = "Xcode 8.0";
			developmentRegion = English;
			hasScannedForEncodings = 0;
			knownRegions = (
				en,
			);
			mainGroup = 2C0DB2A51E7B63E200FD3AD5;
			productRefGroup = 2C0DB2AF1E7B63E200FD3AD5 /* Products */;
			projectDirPath = "";
			projectRoot = "";
			targets = (
				2C0DB2AD1E7B63E200FD3AD5 /* Opener */,
			);
		};
/* End PBXProject section */

/* Begin PBXResourcesBuildPhase section */
		2C0DB2AC1E7B63E200FD3AD5 /* Resources */ = {
			isa = PBXResourcesBuildPhase;
			buildActionMask = 2147483647;
			files = (
			);
			runOnlyForDeploymentPostprocessing = 0;
		};
/* End PBXResourcesBuildPhase section */

/* Begin PBXSourcesBuildPhase section */
		2C0DB2AA1E7B63E200FD3AD5 /* Sources */ = {
			isa = PBXSourcesBuildPhase;
			buildActionMask = 2147483647;
			files = (
				2C0DB2BE1E7B642400FD3AD5 /* plugin.swift in Sources */,
			);
			runOnlyForDeploymentPostprocessing = 0;
		};
/* End PBXSourcesBuildPhase section */

/* Begin XCBuildConfiguration section */
		2C0DB2B21E7B63E200FD3AD5 /* Debug */ = {
			isa = XCBuildConfiguration;
			buildSettings = {
				ALWAYS_SEARCH_USER_PATHS = NO;
				CLANG_ANALYZER_NONNULL = YES;
				CLANG_CXX_LANGUAGE_STANDARD = "gnu++0x";
				CLANG_CXX_LIBRARY = "libc++";
				CLANG_ENABLE_MODULES = YES;
				CLANG_ENABLE_OBJC_ARC = YES;
				CLANG_WARN_BOOL_CONVERSION = YES;
				CLANG_WARN_CONSTANT_CONVERSION = YES;
				CLANG_WARN_DIRECT_OBJC_ISA_USAGE = YES_ERROR;
				CLANG_WARN_DOCUMENTATION_COMMENTS = YES;
				CLANG_WARN_EMPTY_BODY = YES;
				CLANG_WARN_ENUM_CONVERSION = YES;
				CLANG_WARN_INFINITE_RECURSION = YES;
				CLANG_WARN_INT_CONVERSION = YES;
				CLANG_WARN_OBJC_ROOT_CLASS = YES_ERROR;
				CLANG_WARN_SUSPICIOUS_MOVE = YES;
				CLANG_WARN_UNREACHABLE_CODE = YES;
				CLANG_WARN__DUPLICATE_METHOD_MATCH = YES;
				CODE_SIGN_IDENTITY = "-";
				COPY_PHASE_STRIP = NO;
				DEBUG_INFORMATION_FORMAT = dwarf;
				ENABLE_STRICT_OBJC_MSGSEND = YES;
				ENABLE_TESTABILITY = YES;
				GCC_C_LANGUAGE_STANDARD = gnu99;
				GCC_DYNAMIC_NO_PIC = NO;
				GCC_NO_COMMON_BLOCKS = YES;
				GCC_OPTIMIZATION_LEVEL = 0;
				GCC_PREPROCESSOR_DEFINITIONS = (
					"DEBUG=1",
					"$(inherited)",
				);
				GCC_WARN_64_TO_32_BIT_CONVERSION = YES;
				GCC_WARN_ABOUT_RETURN_TYPE = YES_ERROR;
				GCC_WARN_UNDECLARED_SELECTOR = YES;
				GCC_WARN_UNINITIALIZED_AUTOS = YES_AGGRESSIVE;
				GCC_WARN_UNUSED_FUNCTION = YES;
				GCC_WARN_UNUSED_VARIABLE = YES;
				MACOSX_DEPLOYMENT_TARGET = 10.12;
				MTL_ENABLE_DEBUG_INFO = YES;
				ONLY_ACTIVE_ARCH = YES;
				SDKROOT = macosx;
			};
			name = Debug;
		};
		2C0DB2B31E7B63E200FD3AD5 /* Release */ = {
			isa = XCBuildConfiguration;
			buildSettings = {
				ALWAYS_SEARCH_USER_PATHS = NO;
				CLANG_ANALYZER_NONNULL = YES;
				CLANG_CXX_LANGUAGE_STANDARD = "gnu++0x";
				CLANG_CXX_LIBRARY = "libc++";
				CLANG_ENABLE_MODULES = YES;
				CLANG_ENABLE_OBJC_ARC = YES;
				CLANG_WARN_BOOL_CONVERSION = YES;
				CLANG_WARN_CONSTANT_CONVERSION = YES;
				CLANG_WARN_DIRECT_OBJC_ISA_USAGE = YES_ERROR;
				CLANG_WARN_DOCUMENTATION_COMMENTS = YES;
				CLANG_WARN_EMPTY_BODY = YES;
				CLANG_WARN_ENUM_CONVERSION = YES;
				CLANG_WARN_INFINITE_RECURSION = YES;
				CLANG_WARN_INT_CONVERSION = YES;
				CLANG_WARN_OBJC_ROOT_CLASS = YES_ERROR;
				CLANG_WARN_SUSPICIOUS_MOVE = YES;
				CLANG_WARN_UNREACHABLE_CODE = YES;
				CLANG_WARN__DUPLICATE_METHOD_MATCH = YES;
				CODE_SIGN_IDENTITY = "-";
				COPY_PHASE_STRIP = NO;
				DEBUG_INFORMATION_FORMAT = "dwarf-with-dsym";
				ENABLE_NS_ASSERTIONS = NO;
				ENABLE_STRICT_OBJC_MSGSEND = YES;
				GCC_C_LANGUAGE_STANDARD = gnu99;
				GCC_NO_COMMON_BLOCKS = YES;
				GCC_WARN_64_TO_32_BIT_CONVERSION = YES;
				GCC_WARN_ABOUT_RETURN_TYPE = YES_ERROR;
				GCC_WARN_UNDECLARED_SELECTOR = YES;
				GCC_WARN_UNINITIALIZED_AUTOS = YES_AGGRESSIVE;
				GCC_WARN_UNUSED_FUNCTION = YES;
				GCC_WARN_UNUSED_VARIABLE = YES;
				MACOSX_DEPLOYMENT_TARGET = 10.12;
				MTL_ENABLE_DEBUG_INFO = NO;
				SDKROOT = macosx;
				SWIFT_OPTIMIZATION_LEVEL = "-Owholemodule";
			};
			name = Release;
		};
		2C0DB2B51E7B63E200FD3AD5 /* Debug */ = {
			isa = XCBuildConfiguration;
			buildSettings = {
				CLANG_ENABLE_MODULES = YES;
				COMBINE_HIDPI_IMAGES = YES;
				DEVELOPMENT_TEAM = 3J55Z6Y7DQ;
				FRAMEWORK_SEARCH_PATHS = (
					"$(inherited)",
					"$(PROJECT_DIR)/Frameworks",
				);
				INFOPLIST_FILE = OpenerPlugin/Info.plist;
				INSTALL_PATH = "$(LOCAL_LIBRARY_DIR)/Bundles";
				LD_RUNPATH_SEARCH_PATHS = "$(inherited) @executable_path/../Frameworks @loader_path/../Frameworks";
				MACOSX_DEPLOYMENT_TARGET = 10.12.2;
				PRODUCT_BUNDLE_IDENTIFIER = net.existentialtype.Opener;
				PRODUCT_NAME = "$(TARGET_NAME)";
				SKIP_INSTALL = NO;
				SWIFT_OPTIMIZATION_LEVEL = "-Onone";
				SWIFT_VERSION = 3.0;
				WRAPPER_EXTENSION = plugin;
			};
			name = Debug;
		};
		2C0DB2B61E7B63E200FD3AD5 /* Release */ = {
			isa = XCBuildConfiguration;
			buildSettings = {
				CLANG_ENABLE_MODULES = YES;
				COMBINE_HIDPI_IMAGES = YES;
				DEVELOPMENT_TEAM = 3J55Z6Y7DQ;
				FRAMEWORK_SEARCH_PATHS = (
					"$(inherited)",
					"$(PROJECT_DIR)/Frameworks",
				);
				INFOPLIST_FILE = OpenerPlugin/Info.plist;
				INSTALL_PATH = "$(LOCAL_LIBRARY_DIR)/Bundles";
				LD_RUNPATH_SEARCH_PATHS = "$(inherited) @executable_path/../Frameworks @loader_path/../Frameworks";
				MACOSX_DEPLOYMENT_TARGET = 10.12.2;
				PRODUCT_BUNDLE_IDENTIFIER = net.existentialtype.Opener;
				PRODUCT_NAME = "$(TARGET_NAME)";
				SKIP_INSTALL = NO;
				SWIFT_VERSION = 3.0;
				WRAPPER_EXTENSION = plugin;
			};
			name = Release;
		};
/* End XCBuildConfiguration section */

/* Begin XCConfigurationList section */
		2C0DB2A91E7B63E200FD3AD5 /* Build configuration list for PBXProject "OpenerPlugin" */ = {
			isa = XCConfigurationList;
			buildConfigurations = (
				2C0DB2B21E7B63E200FD3AD5 /* Debug */,
				2C0DB2B31E7B63E200FD3AD5 /* Release */,
			);
			defaultConfigurationIsVisible = 0;
			defaultConfigurationName = Release;
		};
		2C0DB2B41E7B63E200FD3AD5 /* Build configuration list for PBXNativeTarget "Opener" */ = {
			isa = XCConfigurationList;
			buildConfigurations = (
				2C0DB2B51E7B63E200FD3AD5 /* Debug */,
				2C0DB2B61E7B63E200FD3AD5 /* Release */,
			);
			defaultConfigurationIsVisible = 0;
			defaultConfigurationName = Release;
		};
/* End XCConfigurationList section */
	};
	rootObject = 2C0DB2A61E7B63E200FD3AD5 /* Project object */;
}
